
Microsoft Visual Studio Solution File, Format Version 12.00
# Visual Studio 2013
VisualStudioVersion = 12.0.30723.0
MinimumVisualStudioVersion = 10.0.40219.1
Project("{FAE04EC0-301F-11D3-BF4B-00C04F79EFBC}") = "Zirpl.AppEngine", "Zirpl.AppEngine\Zirpl.AppEngine.csproj", "{DD9BCB12-748C-4395-9A8E-A599A60A0CAA}"
EndProject
Project("{FAE04EC0-301F-11D3-BF4B-00C04F79EFBC}") = "Zirpl.AppEngine.Net45", "Zirpl.AppEngine.Net45\Zirpl.AppEngine.Net45.csproj", "{DEAFE47A-1239-4766-9A9E-EF7D318BE0F7}"
EndProject
Project("{FAE04EC0-301F-11D3-BF4B-00C04F79EFBC}") = "Zirpl.AppEngine.Web.Net45", "Zirpl.AppEngine.Web.Net45\Zirpl.AppEngine.Web.Net45.csproj", "{B758DAF8-A998-4482-B522-F48B4E83879E}"
EndProject
Project("{FAE04EC0-301F-11D3-BF4B-00C04F79EFBC}") = "Zirpl.AppEngine.Web", "Zirpl.AppEngine.Web\Zirpl.AppEngine.Web.csproj", "{9B6C4DBA-94A5-4871-8FC5-A2BB2E91CC04}"
EndProject
Project("{FAE04EC0-301F-11D3-BF4B-00C04F79EFBC}") = "Zirpl.AppEngine.EntityFramework", "Zirpl.AppEngine.EntityFramework\Zirpl.AppEngine.EntityFramework.csproj", "{B23590EC-7C8D-4BD4-BFEE-77C0F0D821A7}"
EndProject
Project("{FAE04EC0-301F-11D3-BF4B-00C04F79EFBC}") = "Zirpl.AppEngine.EntityFramework.Net45", "Zirpl.AppEngine.EntityFramework.Net45\Zirpl.AppEngine.EntityFramework.Net45.csproj", "{1FACCDA2-0035-4CD3-B6D6-41847DF8BF86}"
EndProject
Project("{FAE04EC0-301F-11D3-BF4B-00C04F79EFBC}") = "Zirpl.AppEngine.Tests", "Zirpl.AppEngine.Tests\Zirpl.AppEngine.Tests.csproj", "{E0DF6DA8-8BB5-4DE4-B5E3-B9C2BB00B119}"
EndProject
Project("{FAE04EC0-301F-11D3-BF4B-00C04F79EFBC}") = "Zirpl.AppEngine.Testing", "Zirpl.AppEngine.Testing\Zirpl.AppEngine.Testing.csproj", "{366C5119-60F8-4C0B-9D03-FD423BD5B6C5}"
EndProject
Project("{2150E333-8FDC-42A3-9474-1A3956D46DE8}") = "Tests", "Tests", "{14D5F7E3-9B6E-4419-9752-2CED48920251}"
EndProject
Project("{2150E333-8FDC-42A3-9474-1A3956D46DE8}") = "Other Frameworks", "Other Frameworks", "{53E45F83-AEF0-4176-93F2-DE7C8822D920}"
EndProject
Project("{FAE04EC0-301F-11D3-BF4B-00C04F79EFBC}") = "Zirpl.AppEngine.EntityFramework.Tests", "Zirpl.AppEngine.EntityFramework.Tests\Zirpl.AppEngine.EntityFramework.Tests.csproj", "{F0229A6D-2502-438B-A195-908D810026F7}"
EndProject
Project("{2150E333-8FDC-42A3-9474-1A3956D46DE8}") = ".nuget", ".nuget", "{516549D9-17BD-4615-94FD-2C2768AD0EC7}"
	ProjectSection(SolutionItems) = preProject
		.nuget\NuGet.Config = .nuget\NuGet.Config
		.nuget\NuGet.exe = .nuget\NuGet.exe
		.nuget\NuGet.targets = .nuget\NuGet.targets
		.nuget\package.cmd = .nuget\package.cmd
		.nuget\Zirpl.AppEngine.EntityFramework.nuspec = .nuget\Zirpl.AppEngine.EntityFramework.nuspec
		.nuget\Zirpl.AppEngine.nuspec = .nuget\Zirpl.AppEngine.nuspec
		.nuget\Zirpl.AppEngine.Testing.nuspec = .nuget\Zirpl.AppEngine.Testing.nuspec
		.nuget\Zirpl.AppEngine.Web.nuspec = .nuget\Zirpl.AppEngine.Web.nuspec
		.nuget\Zirpl.Common.nuspec = .nuget\Zirpl.Common.nuspec
		.nuget\Zirpl.Testing.nuspec = .nuget\Zirpl.Testing.nuspec
	EndProjectSection
EndProject
Project("{2150E333-8FDC-42A3-9474-1A3956D46DE8}") = ".build", ".build", "{6C941E8E-85B6-4988-9854-AABEF704FCB5}"
	ProjectSection(SolutionItems) = preProject
		.build\build.bat = .build\build.bat
		.build\FixAssemblyVersions.proj = .build\FixAssemblyVersions.proj
		.build\MSBuild.Community.Tasks.dll = .build\MSBuild.Community.Tasks.dll
		.build\MSBuild.Community.Tasks.targets = .build\MSBuild.Community.Tasks.targets
	EndProjectSection
EndProject
Project("{2150E333-8FDC-42A3-9474-1A3956D46DE8}") = "Solution", "Solution", "{6E8A84B1-317D-4115-8DFD-848EA44FDE95}"
	ProjectSection(SolutionItems) = preProject
		LICENSE = LICENSE
		README.md = README.md
		releasenotes.md = releasenotes.md
	EndProjectSection
EndProject
Project("{FAE04EC0-301F-11D3-BF4B-00C04F79EFBC}") = "Zirpl.Common", "Zirpl.Common\Zirpl.Common.csproj", "{0402A91F-2A69-447C-BB2B-64D5AF155105}"
EndProject
Project("{FAE04EC0-301F-11D3-BF4B-00C04F79EFBC}") = "Zirpl.Common.Net45", "Zirpl.Common.Net45\Zirpl.Common.Net45.csproj", "{AF50AC6E-A51D-4DF7-8F8A-8DFB79030F5C}"
EndProject
Project("{FAE04EC0-301F-11D3-BF4B-00C04F79EFBC}") = "Zirpl.Common.Portable", "Zirpl.Common.Portable\Zirpl.Common.Portable.csproj", "{4F22A0B5-2FA7-42D2-B317-16EBF34782BD}"
EndProject
Project("{FAE04EC0-301F-11D3-BF4B-00C04F79EFBC}") = "Zirpl.Common.Tests", "Zirpl.Common.Tests\Zirpl.Common.Tests.csproj", "{DF542DE5-A2B6-4230-9D60-1910A9214E9A}"
EndProject
Project("{FAE04EC0-301F-11D3-BF4B-00C04F79EFBC}") = "Zirpl.Common.Silverlight5", "Zirpl.Common.Silverlight5\Zirpl.Common.Silverlight5.csproj", "{7F18B53C-542A-4499-91D9-C2B8E56648DD}"
EndProject
Project("{FAE04EC0-301F-11D3-BF4B-00C04F79EFBC}") = "Zirpl.AppEngine.Silverlight5", "Zirpl.AppEngine.Silverlight5\Zirpl.AppEngine.Silverlight5.csproj", "{373F2A7C-B29D-44FA-B096-031E70DEB2A2}"
EndProject
Project("{FAE04EC0-301F-11D3-BF4B-00C04F79EFBC}") = "Zirpl.AppEngine.Testing.Net45", "Zirpl.AppEngine.Testing.Net45\Zirpl.AppEngine.Testing.Net45.csproj", "{15590AA5-04CE-4ADD-AEB3-8ED12BF3C1CA}"
EndProject
Project("{FAE04EC0-301F-11D3-BF4B-00C04F79EFBC}") = "Zirpl.AppEngine.CodeGeneration.VS2013", "Zirpl.AppEngine.CodeGeneration.VS2013\Zirpl.AppEngine.CodeGeneration.VS2013.csproj", "{F8855F9A-35D1-4C30-BB53-1FD89A984989}"
EndProject
Project("{2150E333-8FDC-42A3-9474-1A3956D46DE8}") = "Example", "Example", "{87F0397C-5CFC-4AD4-8DB9-1AC7384E78A4}"
EndProject
Project("{FAE04EC0-301F-11D3-BF4B-00C04F79EFBC}") = "Zirpl.Examples.CodeGeneration.VS2013.Commerce.CodeGeneration", "Zirpl.Examples.CodeGeneration.VS2013.Commerce.CodeGeneration\Zirpl.Examples.CodeGeneration.VS2013.Commerce.CodeGeneration.csproj", "{DA7ECD8B-603B-44FC-8F9E-71B5A9D26059}"
EndProject
Project("{FAE04EC0-301F-11D3-BF4B-00C04F79EFBC}") = "Zirpl.Examples.CodeGeneration.VS2013.Commerce.Model", "Zirpl.Examples.CodeGeneration.VS2013.Commerce.Model\Zirpl.Examples.CodeGeneration.VS2013.Commerce.Model.csproj", "{E28C3BE3-44D0-4787-872F-8B2CDC62FB96}"
EndProject
Project("{FAE04EC0-301F-11D3-BF4B-00C04F79EFBC}") = "Zirpl.Examples.CodeGeneration.VS2013.Commerce.DataService", "Zirpl.Examples.CodeGeneration.VS2013.Commerce.DataService\Zirpl.Examples.CodeGeneration.VS2013.Commerce.DataService.csproj", "{FEE3855E-8246-434F-A8CB-0B256E756E65}"
EndProject
Project("{FAE04EC0-301F-11D3-BF4B-00C04F79EFBC}") = "Zirpl.Examples.CodeGeneration.VS2013.Commerce.Service", "Zirpl.Examples.CodeGeneration.VS2013.Commerce.Service\Zirpl.Examples.CodeGeneration.VS2013.Commerce.Service.csproj", "{1F8F5A09-CC96-46D9-99E3-8680C816B286}"
EndProject
Project("{FAE04EC0-301F-11D3-BF4B-00C04F79EFBC}") = "Zirpl.Examples.CodeGeneration.VS2013.Commerce.Web.Common", "Zirpl.Examples.CodeGeneration.VS2013.Commerce.Web.Core\Zirpl.Examples.CodeGeneration.VS2013.Commerce.Web.Common.csproj", "{9BF853C3-9D13-40CC-8C55-DB7E362D978F}"
EndProject
Project("{FAE04EC0-301F-11D3-BF4B-00C04F79EFBC}") = "Zirpl.Examples.CodeGeneration.VS2013.Commerce.Tests.DataService", "Zirpl.Examples.CodeGeneration.VS2013.Commerce.Tests.DataService\Zirpl.Examples.CodeGeneration.VS2013.Commerce.Tests.DataService.csproj", "{CE83AE31-23F9-4D04-8395-F22E46B43545}"
EndProject
Project("{FAE04EC0-301F-11D3-BF4B-00C04F79EFBC}") = "Zirpl.Examples.CodeGeneration.VS2013.Commerce.Tests.Common", "Zirpl.Examples.CodeGeneration.VS2013.Commerce.Tests.Common\Zirpl.Examples.CodeGeneration.VS2013.Commerce.Tests.Common.csproj", "{32B32731-B6E6-4B95-A440-762C2D4A09C4}"
EndProject
Project("{FAE04EC0-301F-11D3-BF4B-00C04F79EFBC}") = "Zirpl.Testing", "Zirpl.Testing\Zirpl.Testing.csproj", "{F4FBE07D-ED80-4A72-9F19-90D15979FA0A}"
EndProject
Project("{FAE04EC0-301F-11D3-BF4B-00C04F79EFBC}") = "Zirpl.Examples.CodeGeneration.VS2013.Commerce.Tests.Service", "Zirpl.Examples.CodeGeneration.VS2013.Commerce.Tests.Service\Zirpl.Examples.CodeGeneration.VS2013.Commerce.Tests.Service.csproj", "{C0BBCA01-519D-482A-90DD-928D415E38A9}"
EndProject
Project("{FAE04EC0-301F-11D3-BF4B-00C04F79EFBC}") = "Zirpl.Testing.Net45", "Zirpl.Testing.Net45\Zirpl.Testing.Net45.csproj", "{716DCDAD-3F27-4C3C-8F2B-4BE6E6C670E8}"
EndProject
Project("{FAE04EC0-301F-11D3-BF4B-00C04F79EFBC}") = "Zirpl.OpenMF.Core", "..\core\trunk\dotnet\Zirpl.OpenMF.Core\Zirpl.OpenMF.Core.csproj", "{19DD7924-FB7F-4094-83A6-5E75084817E7}"
EndProject
Global
	GlobalSection(SolutionConfigurationPlatforms) = preSolution
		Debug|Any CPU = Debug|Any CPU
		Release|Any CPU = Release|Any CPU
	EndGlobalSection
	GlobalSection(ProjectConfigurationPlatforms) = postSolution
		{DD9BCB12-748C-4395-9A8E-A599A60A0CAA}.Debug|Any CPU.ActiveCfg = Debug|Any CPU
		{DD9BCB12-748C-4395-9A8E-A599A60A0CAA}.Debug|Any CPU.Build.0 = Debug|Any CPU
		{DD9BCB12-748C-4395-9A8E-A599A60A0CAA}.Release|Any CPU.ActiveCfg = Release|Any CPU
		{DD9BCB12-748C-4395-9A8E-A599A60A0CAA}.Release|Any CPU.Build.0 = Release|Any CPU
		{DEAFE47A-1239-4766-9A9E-EF7D318BE0F7}.Debug|Any CPU.ActiveCfg = Debug|Any CPU
		{DEAFE47A-1239-4766-9A9E-EF7D318BE0F7}.Debug|Any CPU.Build.0 = Debug|Any CPU
		{DEAFE47A-1239-4766-9A9E-EF7D318BE0F7}.Release|Any CPU.ActiveCfg = Release|Any CPU
		{DEAFE47A-1239-4766-9A9E-EF7D318BE0F7}.Release|Any CPU.Build.0 = Release|Any CPU
		{B758DAF8-A998-4482-B522-F48B4E83879E}.Debug|Any CPU.ActiveCfg = Debug|Any CPU
		{B758DAF8-A998-4482-B522-F48B4E83879E}.Debug|Any CPU.Build.0 = Debug|Any CPU
		{B758DAF8-A998-4482-B522-F48B4E83879E}.Release|Any CPU.ActiveCfg = Release|Any CPU
		{B758DAF8-A998-4482-B522-F48B4E83879E}.Release|Any CPU.Build.0 = Release|Any CPU
		{9B6C4DBA-94A5-4871-8FC5-A2BB2E91CC04}.Debug|Any CPU.ActiveCfg = Debug|Any CPU
		{9B6C4DBA-94A5-4871-8FC5-A2BB2E91CC04}.Debug|Any CPU.Build.0 = Debug|Any CPU
		{9B6C4DBA-94A5-4871-8FC5-A2BB2E91CC04}.Release|Any CPU.ActiveCfg = Release|Any CPU
		{9B6C4DBA-94A5-4871-8FC5-A2BB2E91CC04}.Release|Any CPU.Build.0 = Release|Any CPU
		{B23590EC-7C8D-4BD4-BFEE-77C0F0D821A7}.Debug|Any CPU.ActiveCfg = Debug|Any CPU
		{B23590EC-7C8D-4BD4-BFEE-77C0F0D821A7}.Debug|Any CPU.Build.0 = Debug|Any CPU
		{B23590EC-7C8D-4BD4-BFEE-77C0F0D821A7}.Release|Any CPU.ActiveCfg = Release|Any CPU
		{B23590EC-7C8D-4BD4-BFEE-77C0F0D821A7}.Release|Any CPU.Build.0 = Release|Any CPU
		{1FACCDA2-0035-4CD3-B6D6-41847DF8BF86}.Debug|Any CPU.ActiveCfg = Debug|Any CPU
		{1FACCDA2-0035-4CD3-B6D6-41847DF8BF86}.Debug|Any CPU.Build.0 = Debug|Any CPU
		{1FACCDA2-0035-4CD3-B6D6-41847DF8BF86}.Release|Any CPU.ActiveCfg = Release|Any CPU
		{1FACCDA2-0035-4CD3-B6D6-41847DF8BF86}.Release|Any CPU.Build.0 = Release|Any CPU
		{E0DF6DA8-8BB5-4DE4-B5E3-B9C2BB00B119}.Debug|Any CPU.ActiveCfg = Debug|Any CPU
		{E0DF6DA8-8BB5-4DE4-B5E3-B9C2BB00B119}.Debug|Any CPU.Build.0 = Debug|Any CPU
		{E0DF6DA8-8BB5-4DE4-B5E3-B9C2BB00B119}.Release|Any CPU.ActiveCfg = Release|Any CPU
		{E0DF6DA8-8BB5-4DE4-B5E3-B9C2BB00B119}.Release|Any CPU.Build.0 = Release|Any CPU
		{366C5119-60F8-4C0B-9D03-FD423BD5B6C5}.Debug|Any CPU.ActiveCfg = Debug|Any CPU
		{366C5119-60F8-4C0B-9D03-FD423BD5B6C5}.Debug|Any CPU.Build.0 = Debug|Any CPU
		{366C5119-60F8-4C0B-9D03-FD423BD5B6C5}.Release|Any CPU.ActiveCfg = Release|Any CPU
		{366C5119-60F8-4C0B-9D03-FD423BD5B6C5}.Release|Any CPU.Build.0 = Release|Any CPU
		{F0229A6D-2502-438B-A195-908D810026F7}.Debug|Any CPU.ActiveCfg = Debug|Any CPU
		{F0229A6D-2502-438B-A195-908D810026F7}.Debug|Any CPU.Build.0 = Debug|Any CPU
		{F0229A6D-2502-438B-A195-908D810026F7}.Release|Any CPU.ActiveCfg = Release|Any CPU
		{F0229A6D-2502-438B-A195-908D810026F7}.Release|Any CPU.Build.0 = Release|Any CPU
		{0402A91F-2A69-447C-BB2B-64D5AF155105}.Debug|Any CPU.ActiveCfg = Debug|Any CPU
		{0402A91F-2A69-447C-BB2B-64D5AF155105}.Debug|Any CPU.Build.0 = Debug|Any CPU
		{0402A91F-2A69-447C-BB2B-64D5AF155105}.Release|Any CPU.ActiveCfg = Release|Any CPU
		{0402A91F-2A69-447C-BB2B-64D5AF155105}.Release|Any CPU.Build.0 = Release|Any CPU
		{AF50AC6E-A51D-4DF7-8F8A-8DFB79030F5C}.Debug|Any CPU.ActiveCfg = Debug|Any CPU
		{AF50AC6E-A51D-4DF7-8F8A-8DFB79030F5C}.Debug|Any CPU.Build.0 = Debug|Any CPU
		{AF50AC6E-A51D-4DF7-8F8A-8DFB79030F5C}.Release|Any CPU.ActiveCfg = Release|Any CPU
		{AF50AC6E-A51D-4DF7-8F8A-8DFB79030F5C}.Release|Any CPU.Build.0 = Release|Any CPU
		{4F22A0B5-2FA7-42D2-B317-16EBF34782BD}.Debug|Any CPU.ActiveCfg = Debug|Any CPU
		{4F22A0B5-2FA7-42D2-B317-16EBF34782BD}.Debug|Any CPU.Build.0 = Debug|Any CPU
		{4F22A0B5-2FA7-42D2-B317-16EBF34782BD}.Release|Any CPU.ActiveCfg = Release|Any CPU
		{4F22A0B5-2FA7-42D2-B317-16EBF34782BD}.Release|Any CPU.Build.0 = Release|Any CPU
		{DF542DE5-A2B6-4230-9D60-1910A9214E9A}.Debug|Any CPU.ActiveCfg = Debug|Any CPU
		{DF542DE5-A2B6-4230-9D60-1910A9214E9A}.Debug|Any CPU.Build.0 = Debug|Any CPU
		{DF542DE5-A2B6-4230-9D60-1910A9214E9A}.Release|Any CPU.ActiveCfg = Release|Any CPU
		{DF542DE5-A2B6-4230-9D60-1910A9214E9A}.Release|Any CPU.Build.0 = Release|Any CPU
		{7F18B53C-542A-4499-91D9-C2B8E56648DD}.Debug|Any CPU.ActiveCfg = Debug|Any CPU
		{7F18B53C-542A-4499-91D9-C2B8E56648DD}.Debug|Any CPU.Build.0 = Debug|Any CPU
		{7F18B53C-542A-4499-91D9-C2B8E56648DD}.Release|Any CPU.ActiveCfg = Release|Any CPU
		{7F18B53C-542A-4499-91D9-C2B8E56648DD}.Release|Any CPU.Build.0 = Release|Any CPU
		{373F2A7C-B29D-44FA-B096-031E70DEB2A2}.Debug|Any CPU.ActiveCfg = Debug|Any CPU
		{373F2A7C-B29D-44FA-B096-031E70DEB2A2}.Debug|Any CPU.Build.0 = Debug|Any CPU
		{373F2A7C-B29D-44FA-B096-031E70DEB2A2}.Release|Any CPU.ActiveCfg = Release|Any CPU
		{373F2A7C-B29D-44FA-B096-031E70DEB2A2}.Release|Any CPU.Build.0 = Release|Any CPU
		{15590AA5-04CE-4ADD-AEB3-8ED12BF3C1CA}.Debug|Any CPU.ActiveCfg = Debug|Any CPU
		{15590AA5-04CE-4ADD-AEB3-8ED12BF3C1CA}.Debug|Any CPU.Build.0 = Debug|Any CPU
		{15590AA5-04CE-4ADD-AEB3-8ED12BF3C1CA}.Release|Any CPU.ActiveCfg = Release|Any CPU
		{15590AA5-04CE-4ADD-AEB3-8ED12BF3C1CA}.Release|Any CPU.Build.0 = Release|Any CPU
		{F8855F9A-35D1-4C30-BB53-1FD89A984989}.Debug|Any CPU.ActiveCfg = Debug|Any CPU
		{F8855F9A-35D1-4C30-BB53-1FD89A984989}.Debug|Any CPU.Build.0 = Debug|Any CPU
		{F8855F9A-35D1-4C30-BB53-1FD89A984989}.Release|Any CPU.ActiveCfg = Release|Any CPU
		{F8855F9A-35D1-4C30-BB53-1FD89A984989}.Release|Any CPU.Build.0 = Release|Any CPU
		{DA7ECD8B-603B-44FC-8F9E-71B5A9D26059}.Debug|Any CPU.ActiveCfg = Debug|Any CPU
		{DA7ECD8B-603B-44FC-8F9E-71B5A9D26059}.Debug|Any CPU.Build.0 = Debug|Any CPU
		{DA7ECD8B-603B-44FC-8F9E-71B5A9D26059}.Release|Any CPU.ActiveCfg = Release|Any CPU
		{DA7ECD8B-603B-44FC-8F9E-71B5A9D26059}.Release|Any CPU.Build.0 = Release|Any CPU
		{E28C3BE3-44D0-4787-872F-8B2CDC62FB96}.Debug|Any CPU.ActiveCfg = Debug|Any CPU
		{E28C3BE3-44D0-4787-872F-8B2CDC62FB96}.Debug|Any CPU.Build.0 = Debug|Any CPU
		{E28C3BE3-44D0-4787-872F-8B2CDC62FB96}.Release|Any CPU.ActiveCfg = Release|Any CPU
		{E28C3BE3-44D0-4787-872F-8B2CDC62FB96}.Release|Any CPU.Build.0 = Release|Any CPU
		{FEE3855E-8246-434F-A8CB-0B256E756E65}.Debug|Any CPU.ActiveCfg = Debug|Any CPU
		{FEE3855E-8246-434F-A8CB-0B256E756E65}.Debug|Any CPU.Build.0 = Debug|Any CPU
		{FEE3855E-8246-434F-A8CB-0B256E756E65}.Release|Any CPU.ActiveCfg = Release|Any CPU
		{FEE3855E-8246-434F-A8CB-0B256E756E65}.Release|Any CPU.Build.0 = Release|Any CPU
		{1F8F5A09-CC96-46D9-99E3-8680C816B286}.Debug|Any CPU.ActiveCfg = Debug|Any CPU
		{1F8F5A09-CC96-46D9-99E3-8680C816B286}.Debug|Any CPU.Build.0 = Debug|Any CPU
		{1F8F5A09-CC96-46D9-99E3-8680C816B286}.Release|Any CPU.ActiveCfg = Release|Any CPU
		{1F8F5A09-CC96-46D9-99E3-8680C816B286}.Release|Any CPU.Build.0 = Release|Any CPU
		{9BF853C3-9D13-40CC-8C55-DB7E362D978F}.Debug|Any CPU.ActiveCfg = Debug|Any CPU
		{9BF853C3-9D13-40CC-8C55-DB7E362D978F}.Debug|Any CPU.Build.0 = Debug|Any CPU
		{9BF853C3-9D13-40CC-8C55-DB7E362D978F}.Release|Any CPU.ActiveCfg = Release|Any CPU
		{9BF853C3-9D13-40CC-8C55-DB7E362D978F}.Release|Any CPU.Build.0 = Release|Any CPU
		{CE83AE31-23F9-4D04-8395-F22E46B43545}.Debug|Any CPU.ActiveCfg = Debug|Any CPU
		{CE83AE31-23F9-4D04-8395-F22E46B43545}.Debug|Any CPU.Build.0 = Debug|Any CPU
		{CE83AE31-23F9-4D04-8395-F22E46B43545}.Release|Any CPU.ActiveCfg = Release|Any CPU
		{CE83AE31-23F9-4D04-8395-F22E46B43545}.Release|Any CPU.Build.0 = Release|Any CPU
		{32B32731-B6E6-4B95-A440-762C2D4A09C4}.Debug|Any CPU.ActiveCfg = Debug|Any CPU
		{32B32731-B6E6-4B95-A440-762C2D4A09C4}.Debug|Any CPU.Build.0 = Debug|Any CPU
		{32B32731-B6E6-4B95-A440-762C2D4A09C4}.Release|Any CPU.ActiveCfg = Release|Any CPU
		{32B32731-B6E6-4B95-A440-762C2D4A09C4}.Release|Any CPU.Build.0 = Release|Any CPU
		{F4FBE07D-ED80-4A72-9F19-90D15979FA0A}.Debug|Any CPU.ActiveCfg = Debug|Any CPU
		{F4FBE07D-ED80-4A72-9F19-90D15979FA0A}.Debug|Any CPU.Build.0 = Debug|Any CPU
		{F4FBE07D-ED80-4A72-9F19-90D15979FA0A}.Release|Any CPU.ActiveCfg = Release|Any CPU
		{F4FBE07D-ED80-4A72-9F19-90D15979FA0A}.Release|Any CPU.Build.0 = Release|Any CPU
		{C0BBCA01-519D-482A-90DD-928D415E38A9}.Debug|Any CPU.ActiveCfg = Debug|Any CPU
		{C0BBCA01-519D-482A-90DD-928D415E38A9}.Debug|Any CPU.Build.0 = Debug|Any CPU
		{C0BBCA01-519D-482A-90DD-928D415E38A9}.Release|Any CPU.ActiveCfg = Release|Any CPU
		{C0BBCA01-519D-482A-90DD-928D415E38A9}.Release|Any CPU.Build.0 = Release|Any CPU
		{716DCDAD-3F27-4C3C-8F2B-4BE6E6C670E8}.Debug|Any CPU.ActiveCfg = Debug|Any CPU
		{716DCDAD-3F27-4C3C-8F2B-4BE6E6C670E8}.Debug|Any CPU.Build.0 = Debug|Any CPU
		{716DCDAD-3F27-4C3C-8F2B-4BE6E6C670E8}.Release|Any CPU.ActiveCfg = Release|Any CPU
		{716DCDAD-3F27-4C3C-8F2B-4BE6E6C670E8}.Release|Any CPU.Build.0 = Release|Any CPU
		{19DD7924-FB7F-4094-83A6-5E75084817E7}.Debug|Any CPU.ActiveCfg = Debug|Any CPU
		{19DD7924-FB7F-4094-83A6-5E75084817E7}.Debug|Any CPU.Build.0 = Debug|Any CPU
		{19DD7924-FB7F-4094-83A6-5E75084817E7}.Release|Any CPU.ActiveCfg = Release|Any CPU
		{19DD7924-FB7F-4094-83A6-5E75084817E7}.Release|Any CPU.Build.0 = Release|Any CPU
	EndGlobalSection
	GlobalSection(SolutionProperties) = preSolution
		HideSolutionNode = FALSE
	EndGlobalSection
	GlobalSection(NestedProjects) = preSolution
		{DEAFE47A-1239-4766-9A9E-EF7D318BE0F7} = {53E45F83-AEF0-4176-93F2-DE7C8822D920}
		{B758DAF8-A998-4482-B522-F48B4E83879E} = {53E45F83-AEF0-4176-93F2-DE7C8822D920}
		{1FACCDA2-0035-4CD3-B6D6-41847DF8BF86} = {53E45F83-AEF0-4176-93F2-DE7C8822D920}
		{E0DF6DA8-8BB5-4DE4-B5E3-B9C2BB00B119} = {14D5F7E3-9B6E-4419-9752-2CED48920251}
		{F0229A6D-2502-438B-A195-908D810026F7} = {14D5F7E3-9B6E-4419-9752-2CED48920251}
		{AF50AC6E-A51D-4DF7-8F8A-8DFB79030F5C} = {53E45F83-AEF0-4176-93F2-DE7C8822D920}
		{4F22A0B5-2FA7-42D2-B317-16EBF34782BD} = {53E45F83-AEF0-4176-93F2-DE7C8822D920}
		{DF542DE5-A2B6-4230-9D60-1910A9214E9A} = {14D5F7E3-9B6E-4419-9752-2CED48920251}
		{7F18B53C-542A-4499-91D9-C2B8E56648DD} = {53E45F83-AEF0-4176-93F2-DE7C8822D920}
		{373F2A7C-B29D-44FA-B096-031E70DEB2A2} = {53E45F83-AEF0-4176-93F2-DE7C8822D920}
		{15590AA5-04CE-4ADD-AEB3-8ED12BF3C1CA} = {53E45F83-AEF0-4176-93F2-DE7C8822D920}
		{DA7ECD8B-603B-44FC-8F9E-71B5A9D26059} = {87F0397C-5CFC-4AD4-8DB9-1AC7384E78A4}
		{E28C3BE3-44D0-4787-872F-8B2CDC62FB96} = {87F0397C-5CFC-4AD4-8DB9-1AC7384E78A4}
		{FEE3855E-8246-434F-A8CB-0B256E756E65} = {87F0397C-5CFC-4AD4-8DB9-1AC7384E78A4}
		{1F8F5A09-CC96-46D9-99E3-8680C816B286} = {87F0397C-5CFC-4AD4-8DB9-1AC7384E78A4}
		{9BF853C3-9D13-40CC-8C55-DB7E362D978F} = {87F0397C-5CFC-4AD4-8DB9-1AC7384E78A4}
		{CE83AE31-23F9-4D04-8395-F22E46B43545} = {87F0397C-5CFC-4AD4-8DB9-1AC7384E78A4}
		{32B32731-B6E6-4B95-A440-762C2D4A09C4} = {87F0397C-5CFC-4AD4-8DB9-1AC7384E78A4}
		{C0BBCA01-519D-482A-90DD-928D415E38A9} = {87F0397C-5CFC-4AD4-8DB9-1AC7384E78A4}
		{716DCDAD-3F27-4C3C-8F2B-4BE6E6C670E8} = {53E45F83-AEF0-4176-93F2-DE7C8822D920}
	EndGlobalSection
	GlobalSection(ExtensibilityGlobals) = postSolution
		EnterpriseLibraryConfigurationToolBinariesPathV6 = packages\EnterpriseLibrary.TransientFaultHandling.6.0.1304.0\lib\portable-net45+win+wp8;packages\EnterpriseLibrary.TransientFaultHandling.Data.6.0.1304.1\lib\NET45
	EndGlobalSection
EndGlobal
