
Microsoft Visual Studio Solution File, Format Version 12.00
# Visual Studio 14
VisualStudioVersion = 14.0.25420.1
MinimumVisualStudioVersion = 10.0.40219.1
Project("{FAE04EC0-301F-11D3-BF4B-00C04F79EFBC}") = "Zirpl.AppEngine", "Zirpl.AppEngine\Zirpl.AppEngine.csproj", "{DD9BCB12-748C-4395-9A8E-A599A60A0CAA}"
EndProject
Project("{FAE04EC0-301F-11D3-BF4B-00C04F79EFBC}") = "Zirpl.AppEngine.Web", "Zirpl.AppEngine.Web\Zirpl.AppEngine.Web.csproj", "{9B6C4DBA-94A5-4871-8FC5-A2BB2E91CC04}"
EndProject
Project("{FAE04EC0-301F-11D3-BF4B-00C04F79EFBC}") = "Zirpl.AppEngine.EntityFramework", "Zirpl.AppEngine.EntityFramework\Zirpl.AppEngine.EntityFramework.csproj", "{B23590EC-7C8D-4BD4-BFEE-77C0F0D821A7}"
EndProject
Project("{FAE04EC0-301F-11D3-BF4B-00C04F79EFBC}") = "Zirpl.AppEngine.Tests", "Zirpl.AppEngine.Tests\Zirpl.AppEngine.Tests.csproj", "{E0DF6DA8-8BB5-4DE4-B5E3-B9C2BB00B119}"
EndProject
Project("{FAE04EC0-301F-11D3-BF4B-00C04F79EFBC}") = "Zirpl.AppEngine.Testing", "Zirpl.AppEngine.Testing\Zirpl.AppEngine.Testing.csproj", "{366C5119-60F8-4C0B-9D03-FD423BD5B6C5}"
EndProject
Project("{2150E333-8FDC-42A3-9474-1A3956D46DE8}") = "Tests", "Tests", "{14D5F7E3-9B6E-4419-9752-2CED48920251}"
EndProject
Project("{2150E333-8FDC-42A3-9474-1A3956D46DE8}") = "Other Frameworks", "Other Frameworks", "{53E45F83-AEF0-4176-93F2-DE7C8822D920}"
EndProject
Project("{FAE04EC0-301F-11D3-BF4B-00C04F79EFBC}") = "Zirpl.AppEngine.EntityFramework.Tests", "Zirpl.AppEngine.EntityFramework.Tests\Zirpl.AppEngine.EntityFramework.Tests.csproj", "{F0229A6D-2502-438B-A195-908D810026F7}"
EndProject
Project("{2150E333-8FDC-42A3-9474-1A3956D46DE8}") = ".nuget", ".nuget", "{516549D9-17BD-4615-94FD-2C2768AD0EC7}"
	ProjectSection(SolutionItems) = preProject
		.nuget\NuGet.Config = .nuget\NuGet.Config
		.nuget\NuGet.exe = .nuget\NuGet.exe
		.nuget\NuGet.targets = .nuget\NuGet.targets
		.nuget\Zirpl.AppEngine.EntityFramework.nuspec = .nuget\Zirpl.AppEngine.EntityFramework.nuspec
		.nuget\Zirpl.AppEngine.nuspec = .nuget\Zirpl.AppEngine.nuspec
		.nuget\Zirpl.AppEngine.Testing.nuspec = .nuget\Zirpl.AppEngine.Testing.nuspec
		.nuget\Zirpl.AppEngine.VisualStudioAutomation.nuspec = .nuget\Zirpl.AppEngine.VisualStudioAutomation.nuspec
		.nuget\Zirpl.AppEngine.Web.nuspec = .nuget\Zirpl.AppEngine.Web.nuspec
		.nuget\Zirpl.Common.nuspec = .nuget\Zirpl.Common.nuspec
	EndProjectSection
EndProject
Project("{2150E333-8FDC-42A3-9474-1A3956D46DE8}") = "Solution", "Solution", "{6E8A84B1-317D-4115-8DFD-848EA44FDE95}"
	ProjectSection(SolutionItems) = preProject
		LICENSE = LICENSE
		README.md = README.md
		releasenotes.md = releasenotes.md
	EndProjectSection
EndProject
Project("{FAE04EC0-301F-11D3-BF4B-00C04F79EFBC}") = "Zirpl.Common (Net40)", "Zirpl.Common\Zirpl.Common (Net40).csproj", "{0402A91F-2A69-447C-BB2B-64D5AF155105}"
EndProject
Project("{FAE04EC0-301F-11D3-BF4B-00C04F79EFBC}") = "Zirpl.Common.Portable", "Zirpl.Common.Portable\Zirpl.Common.Portable.csproj", "{4F22A0B5-2FA7-42D2-B317-16EBF34782BD}"
EndProject
Project("{FAE04EC0-301F-11D3-BF4B-00C04F79EFBC}") = "Zirpl.Common.Tests", "Zirpl.Common.Tests\Zirpl.Common.Tests.csproj", "{DF542DE5-A2B6-4230-9D60-1910A9214E9A}"
EndProject
Project("{FAE04EC0-301F-11D3-BF4B-00C04F79EFBC}") = "Zirpl.AppEngine.VisualStudioAutomation", "Zirpl.AppEngine.VisualStudioAutomation\Zirpl.AppEngine.VisualStudioAutomation.csproj", "{F8855F9A-35D1-4C30-BB53-1FD89A984989}"
EndProject
Project("{2150E333-8FDC-42A3-9474-1A3956D46DE8}") = "Example", "Example", "{87F0397C-5CFC-4AD4-8DB9-1AC7384E78A4}"
EndProject
Project("{FAE04EC0-301F-11D3-BF4B-00C04F79EFBC}") = "Zirpl.AppEngine.VisualStudioAutomation.Tests", "Zirpl.AppEngine.VisualStudioAutomation.Tests\Zirpl.AppEngine.VisualStudioAutomation.Tests.csproj", "{677D8E03-964A-468E-ACE8-22F5E60C5D82}"
EndProject
Project("{FAE04EC0-301F-11D3-BF4B-00C04F79EFBC}") = "Zirpl.Examples.ContactManager.CodeGeneration", "Zirpl.Examples.ContactManager.CodeGeneration\Zirpl.Examples.ContactManager.CodeGeneration.csproj", "{1BD4D8BA-B4C7-4677-BE02-514F2D736767}"
EndProject
Project("{FAE04EC0-301F-11D3-BF4B-00C04F79EFBC}") = "Zirpl.Examples.ContactManager.Model", "Zirpl.Examples.ContactManager.Model\Zirpl.Examples.ContactManager.Model\Zirpl.Examples.ContactManager.Model.csproj", "{CDC844F8-FC12-4C7C-9521-ABE19E979C25}"
EndProject
Project("{FAE04EC0-301F-11D3-BF4B-00C04F79EFBC}") = "Zirpl.Examples.ContactManager.DataService", "Zirpl.Examples.ContactManager.DataService\Zirpl.Examples.ContactManager.DataService\Zirpl.Examples.ContactManager.DataService.csproj", "{857EE814-2AF3-44EC-9586-4E583FD4C104}"
EndProject
Project("{FAE04EC0-301F-11D3-BF4B-00C04F79EFBC}") = "Zirpl.Examples.ContactManager.Service", "Zirpl.Examples.ContactManager.Service\Zirpl.Examples.ContactManager.Service\Zirpl.Examples.ContactManager.Service.csproj", "{4C1028B3-5DC5-4436-8CE1-6508D443DE14}"
EndProject
Project("{FAE04EC0-301F-11D3-BF4B-00C04F79EFBC}") = "Zirpl.Examples.ContactManager.Web.Common", "Zirpl.Examples.ContactManager.Web.Common\Zirpl.Examples.ContactManager.Web.Common\Zirpl.Examples.ContactManager.Web.Common.csproj", "{F005E09B-384D-45BC-9CDB-7997595F42B9}"
EndProject
Project("{FAE04EC0-301F-11D3-BF4B-00C04F79EFBC}") = "Zirpl.Examples.ContactManager.Web", "Zirpl.Examples.ContactManager.Web\Zirpl.Examples.ContactManager.Web.csproj", "{F1AA506A-9BCF-4298-A66F-1C56ADB12845}"
EndProject
Project("{FAE04EC0-301F-11D3-BF4B-00C04F79EFBC}") = "Zirpl.Examples.ContactManager.Web.Tests", "Zirpl.Examples.ContactManager.Web.Tests\Zirpl.Examples.ContactManager.Web.Tests.csproj", "{F9542CD8-2763-4377-B56D-3005700607A1}"
EndProject
Project("{FAE04EC0-301F-11D3-BF4B-00C04F79EFBC}") = "Zirpl.Examples.ContactManager.Testing", "Zirpl.Examples.ContactManager.Testing\Zirpl.Examples.ContactManager.Testing\Zirpl.Examples.ContactManager.Testing.csproj", "{D13BF659-FE54-440C-8E6F-74325CB834C1}"
EndProject
Project("{FAE04EC0-301F-11D3-BF4B-00C04F79EFBC}") = "Zirpl.Examples.ContactManager.DataService.Tests", "Zirpl.Examples.ContactManager.DataService.Tests\Zirpl.Examples.ContactManager.DataService.Tests\Zirpl.Examples.ContactManager.DataService.Tests.csproj", "{93B98081-206C-4151-A5F0-643587F737EE}"
EndProject
Project("{FAE04EC0-301F-11D3-BF4B-00C04F79EFBC}") = "Zirpl.Examples.ContactManager.Service.Tests", "Zirpl.Examples.ContactManager.Service.Tests\Zirpl.Examples.ContactManager.Service.Tests\Zirpl.Examples.ContactManager.Service.Tests.csproj", "{821F6494-2AFE-4F0C-8AB2-FE5070EE2650}"
EndProject
Project("{FAE04EC0-301F-11D3-BF4B-00C04F79EFBC}") = "Zirpl.Examples.ContactManager.Web.Common.Tests", "Zirpl.Examples.ContactManager.Web.Common.Tests\Zirpl.Examples.ContactManager.Web.Common.Tests\Zirpl.Examples.ContactManager.Web.Common.Tests.csproj", "{629834BE-9004-43E0-88DC-EA89DAEEFA22}"
EndProject
Project("{2150E333-8FDC-42A3-9474-1A3956D46DE8}") = "Tests", "Tests", "{C7DC80E5-AE24-412E-991E-B0D7ED242213}"
EndProject
Project("{FAE04EC0-301F-11D3-BF4B-00C04F79EFBC}") = "Zirpl.AppEngine.VisualStudioAutomation.Testing", "Zirpl.AppEngine.VisualStudioAutomation.Testing\Zirpl.AppEngine.VisualStudioAutomation.Testing.csproj", "{A6ADC6CE-6D3D-409E-9ED3-CB0AC9CB8E8F}"
EndProject
Project("{FAE04EC0-301F-11D3-BF4B-00C04F79EFBC}") = "Zirpl.AppEngine.Portable", "Zirpl.AppEngine.Portable\Zirpl.AppEngine.Portable.csproj", "{21831149-E10E-48F7-B79D-B1E51E2831FC}"
EndProject
Project("{FAE04EC0-301F-11D3-BF4B-00C04F79EFBC}") = "Zirpl.Examples.ContactManager.Model.Tests", "Zirpl.Examples.ContactManager.Model.Tests\Zirpl.Examples.ContactManager.Model.Tests\Zirpl.Examples.ContactManager.Model.Tests.csproj", "{6FC3463D-09B7-47E2-87AA-6BB6145583E3}"
EndProject
Project("{FAE04EC0-301F-11D3-BF4B-00C04F79EFBC}") = "Zirpl.AppEngine.AppGeneration", "Zirpl.AppEngine.AppGeneration\Zirpl.AppEngine.AppGeneration.csproj", "{B3AEB853-E89A-4028-8EF7-AD9822CB9F76}"
EndProject
Global
	GlobalSection(SolutionConfigurationPlatforms) = preSolution
		Debug|Any CPU = Debug|Any CPU
		Release|Any CPU = Release|Any CPU
	EndGlobalSection
	GlobalSection(ProjectConfigurationPlatforms) = postSolution
		{DD9BCB12-748C-4395-9A8E-A599A60A0CAA}.Debug|Any CPU.ActiveCfg = Debug|Any CPU
		{DD9BCB12-748C-4395-9A8E-A599A60A0CAA}.Debug|Any CPU.Build.0 = Debug|Any CPU
		{DD9BCB12-748C-4395-9A8E-A599A60A0CAA}.Release|Any CPU.ActiveCfg = Release|Any CPU
		{DD9BCB12-748C-4395-9A8E-A599A60A0CAA}.Release|Any CPU.Build.0 = Release|Any CPU
		{9B6C4DBA-94A5-4871-8FC5-A2BB2E91CC04}.Debug|Any CPU.ActiveCfg = Debug|Any CPU
		{9B6C4DBA-94A5-4871-8FC5-A2BB2E91CC04}.Debug|Any CPU.Build.0 = Debug|Any CPU
		{9B6C4DBA-94A5-4871-8FC5-A2BB2E91CC04}.Release|Any CPU.ActiveCfg = Release|Any CPU
		{9B6C4DBA-94A5-4871-8FC5-A2BB2E91CC04}.Release|Any CPU.Build.0 = Release|Any CPU
		{B23590EC-7C8D-4BD4-BFEE-77C0F0D821A7}.Debug|Any CPU.ActiveCfg = Debug|Any CPU
		{B23590EC-7C8D-4BD4-BFEE-77C0F0D821A7}.Debug|Any CPU.Build.0 = Debug|Any CPU
		{B23590EC-7C8D-4BD4-BFEE-77C0F0D821A7}.Release|Any CPU.ActiveCfg = Release|Any CPU
		{B23590EC-7C8D-4BD4-BFEE-77C0F0D821A7}.Release|Any CPU.Build.0 = Release|Any CPU
		{E0DF6DA8-8BB5-4DE4-B5E3-B9C2BB00B119}.Debug|Any CPU.ActiveCfg = Debug|Any CPU
		{E0DF6DA8-8BB5-4DE4-B5E3-B9C2BB00B119}.Debug|Any CPU.Build.0 = Debug|Any CPU
		{E0DF6DA8-8BB5-4DE4-B5E3-B9C2BB00B119}.Release|Any CPU.ActiveCfg = Release|Any CPU
		{E0DF6DA8-8BB5-4DE4-B5E3-B9C2BB00B119}.Release|Any CPU.Build.0 = Release|Any CPU
		{366C5119-60F8-4C0B-9D03-FD423BD5B6C5}.Debug|Any CPU.ActiveCfg = Debug|Any CPU
		{366C5119-60F8-4C0B-9D03-FD423BD5B6C5}.Debug|Any CPU.Build.0 = Debug|Any CPU
		{366C5119-60F8-4C0B-9D03-FD423BD5B6C5}.Release|Any CPU.ActiveCfg = Release|Any CPU
		{366C5119-60F8-4C0B-9D03-FD423BD5B6C5}.Release|Any CPU.Build.0 = Release|Any CPU
		{F0229A6D-2502-438B-A195-908D810026F7}.Debug|Any CPU.ActiveCfg = Debug|Any CPU
		{F0229A6D-2502-438B-A195-908D810026F7}.Debug|Any CPU.Build.0 = Debug|Any CPU
		{F0229A6D-2502-438B-A195-908D810026F7}.Release|Any CPU.ActiveCfg = Release|Any CPU
		{F0229A6D-2502-438B-A195-908D810026F7}.Release|Any CPU.Build.0 = Release|Any CPU
		{0402A91F-2A69-447C-BB2B-64D5AF155105}.Debug|Any CPU.ActiveCfg = Debug|Any CPU
		{0402A91F-2A69-447C-BB2B-64D5AF155105}.Debug|Any CPU.Build.0 = Debug|Any CPU
		{0402A91F-2A69-447C-BB2B-64D5AF155105}.Release|Any CPU.ActiveCfg = Release|Any CPU
		{0402A91F-2A69-447C-BB2B-64D5AF155105}.Release|Any CPU.Build.0 = Release|Any CPU
		{4F22A0B5-2FA7-42D2-B317-16EBF34782BD}.Debug|Any CPU.ActiveCfg = Debug|Any CPU
		{4F22A0B5-2FA7-42D2-B317-16EBF34782BD}.Debug|Any CPU.Build.0 = Debug|Any CPU
		{4F22A0B5-2FA7-42D2-B317-16EBF34782BD}.Release|Any CPU.ActiveCfg = Release|Any CPU
		{4F22A0B5-2FA7-42D2-B317-16EBF34782BD}.Release|Any CPU.Build.0 = Release|Any CPU
		{DF542DE5-A2B6-4230-9D60-1910A9214E9A}.Debug|Any CPU.ActiveCfg = Debug|Any CPU
		{DF542DE5-A2B6-4230-9D60-1910A9214E9A}.Debug|Any CPU.Build.0 = Debug|Any CPU
		{DF542DE5-A2B6-4230-9D60-1910A9214E9A}.Release|Any CPU.ActiveCfg = Release|Any CPU
		{DF542DE5-A2B6-4230-9D60-1910A9214E9A}.Release|Any CPU.Build.0 = Release|Any CPU
		{F8855F9A-35D1-4C30-BB53-1FD89A984989}.Debug|Any CPU.ActiveCfg = Debug|Any CPU
		{F8855F9A-35D1-4C30-BB53-1FD89A984989}.Debug|Any CPU.Build.0 = Debug|Any CPU
		{F8855F9A-35D1-4C30-BB53-1FD89A984989}.Release|Any CPU.ActiveCfg = Release|Any CPU
		{F8855F9A-35D1-4C30-BB53-1FD89A984989}.Release|Any CPU.Build.0 = Release|Any CPU
		{677D8E03-964A-468E-ACE8-22F5E60C5D82}.Debug|Any CPU.ActiveCfg = Debug|Any CPU
		{677D8E03-964A-468E-ACE8-22F5E60C5D82}.Debug|Any CPU.Build.0 = Debug|Any CPU
		{677D8E03-964A-468E-ACE8-22F5E60C5D82}.Release|Any CPU.ActiveCfg = Release|Any CPU
		{677D8E03-964A-468E-ACE8-22F5E60C5D82}.Release|Any CPU.Build.0 = Release|Any CPU
		{1BD4D8BA-B4C7-4677-BE02-514F2D736767}.Debug|Any CPU.ActiveCfg = Debug|Any CPU
		{1BD4D8BA-B4C7-4677-BE02-514F2D736767}.Debug|Any CPU.Build.0 = Debug|Any CPU
		{1BD4D8BA-B4C7-4677-BE02-514F2D736767}.Release|Any CPU.ActiveCfg = Release|Any CPU
		{1BD4D8BA-B4C7-4677-BE02-514F2D736767}.Release|Any CPU.Build.0 = Release|Any CPU
		{CDC844F8-FC12-4C7C-9521-ABE19E979C25}.Debug|Any CPU.ActiveCfg = Debug|Any CPU
		{CDC844F8-FC12-4C7C-9521-ABE19E979C25}.Debug|Any CPU.Build.0 = Debug|Any CPU
		{CDC844F8-FC12-4C7C-9521-ABE19E979C25}.Release|Any CPU.ActiveCfg = Release|Any CPU
		{CDC844F8-FC12-4C7C-9521-ABE19E979C25}.Release|Any CPU.Build.0 = Release|Any CPU
		{857EE814-2AF3-44EC-9586-4E583FD4C104}.Debug|Any CPU.ActiveCfg = Debug|Any CPU
		{857EE814-2AF3-44EC-9586-4E583FD4C104}.Debug|Any CPU.Build.0 = Debug|Any CPU
		{857EE814-2AF3-44EC-9586-4E583FD4C104}.Release|Any CPU.ActiveCfg = Release|Any CPU
		{857EE814-2AF3-44EC-9586-4E583FD4C104}.Release|Any CPU.Build.0 = Release|Any CPU
		{4C1028B3-5DC5-4436-8CE1-6508D443DE14}.Debug|Any CPU.ActiveCfg = Debug|Any CPU
		{4C1028B3-5DC5-4436-8CE1-6508D443DE14}.Debug|Any CPU.Build.0 = Debug|Any CPU
		{4C1028B3-5DC5-4436-8CE1-6508D443DE14}.Release|Any CPU.ActiveCfg = Release|Any CPU
		{4C1028B3-5DC5-4436-8CE1-6508D443DE14}.Release|Any CPU.Build.0 = Release|Any CPU
		{F005E09B-384D-45BC-9CDB-7997595F42B9}.Debug|Any CPU.ActiveCfg = Debug|Any CPU
		{F005E09B-384D-45BC-9CDB-7997595F42B9}.Debug|Any CPU.Build.0 = Debug|Any CPU
		{F005E09B-384D-45BC-9CDB-7997595F42B9}.Release|Any CPU.ActiveCfg = Release|Any CPU
		{F005E09B-384D-45BC-9CDB-7997595F42B9}.Release|Any CPU.Build.0 = Release|Any CPU
		{F1AA506A-9BCF-4298-A66F-1C56ADB12845}.Debug|Any CPU.ActiveCfg = Debug|Any CPU
		{F1AA506A-9BCF-4298-A66F-1C56ADB12845}.Debug|Any CPU.Build.0 = Debug|Any CPU
		{F1AA506A-9BCF-4298-A66F-1C56ADB12845}.Release|Any CPU.ActiveCfg = Release|Any CPU
		{F1AA506A-9BCF-4298-A66F-1C56ADB12845}.Release|Any CPU.Build.0 = Release|Any CPU
		{F9542CD8-2763-4377-B56D-3005700607A1}.Debug|Any CPU.ActiveCfg = Debug|Any CPU
		{F9542CD8-2763-4377-B56D-3005700607A1}.Debug|Any CPU.Build.0 = Debug|Any CPU
		{F9542CD8-2763-4377-B56D-3005700607A1}.Release|Any CPU.ActiveCfg = Release|Any CPU
		{F9542CD8-2763-4377-B56D-3005700607A1}.Release|Any CPU.Build.0 = Release|Any CPU
		{D13BF659-FE54-440C-8E6F-74325CB834C1}.Debug|Any CPU.ActiveCfg = Debug|Any CPU
		{D13BF659-FE54-440C-8E6F-74325CB834C1}.Debug|Any CPU.Build.0 = Debug|Any CPU
		{D13BF659-FE54-440C-8E6F-74325CB834C1}.Release|Any CPU.ActiveCfg = Release|Any CPU
		{D13BF659-FE54-440C-8E6F-74325CB834C1}.Release|Any CPU.Build.0 = Release|Any CPU
		{93B98081-206C-4151-A5F0-643587F737EE}.Debug|Any CPU.ActiveCfg = Debug|Any CPU
		{93B98081-206C-4151-A5F0-643587F737EE}.Debug|Any CPU.Build.0 = Debug|Any CPU
		{93B98081-206C-4151-A5F0-643587F737EE}.Release|Any CPU.ActiveCfg = Release|Any CPU
		{93B98081-206C-4151-A5F0-643587F737EE}.Release|Any CPU.Build.0 = Release|Any CPU
		{821F6494-2AFE-4F0C-8AB2-FE5070EE2650}.Debug|Any CPU.ActiveCfg = Debug|Any CPU
		{821F6494-2AFE-4F0C-8AB2-FE5070EE2650}.Debug|Any CPU.Build.0 = Debug|Any CPU
		{821F6494-2AFE-4F0C-8AB2-FE5070EE2650}.Release|Any CPU.ActiveCfg = Release|Any CPU
		{821F6494-2AFE-4F0C-8AB2-FE5070EE2650}.Release|Any CPU.Build.0 = Release|Any CPU
		{629834BE-9004-43E0-88DC-EA89DAEEFA22}.Debug|Any CPU.ActiveCfg = Debug|Any CPU
		{629834BE-9004-43E0-88DC-EA89DAEEFA22}.Debug|Any CPU.Build.0 = Debug|Any CPU
		{629834BE-9004-43E0-88DC-EA89DAEEFA22}.Release|Any CPU.ActiveCfg = Release|Any CPU
		{629834BE-9004-43E0-88DC-EA89DAEEFA22}.Release|Any CPU.Build.0 = Release|Any CPU
		{A6ADC6CE-6D3D-409E-9ED3-CB0AC9CB8E8F}.Debug|Any CPU.ActiveCfg = Debug|Any CPU
		{A6ADC6CE-6D3D-409E-9ED3-CB0AC9CB8E8F}.Debug|Any CPU.Build.0 = Debug|Any CPU
		{A6ADC6CE-6D3D-409E-9ED3-CB0AC9CB8E8F}.Release|Any CPU.ActiveCfg = Release|Any CPU
		{A6ADC6CE-6D3D-409E-9ED3-CB0AC9CB8E8F}.Release|Any CPU.Build.0 = Release|Any CPU
		{21831149-E10E-48F7-B79D-B1E51E2831FC}.Debug|Any CPU.ActiveCfg = Debug|Any CPU
		{21831149-E10E-48F7-B79D-B1E51E2831FC}.Debug|Any CPU.Build.0 = Debug|Any CPU
		{21831149-E10E-48F7-B79D-B1E51E2831FC}.Release|Any CPU.ActiveCfg = Release|Any CPU
		{21831149-E10E-48F7-B79D-B1E51E2831FC}.Release|Any CPU.Build.0 = Release|Any CPU
		{6FC3463D-09B7-47E2-87AA-6BB6145583E3}.Debug|Any CPU.ActiveCfg = Debug|Any CPU
		{6FC3463D-09B7-47E2-87AA-6BB6145583E3}.Debug|Any CPU.Build.0 = Debug|Any CPU
		{6FC3463D-09B7-47E2-87AA-6BB6145583E3}.Release|Any CPU.ActiveCfg = Release|Any CPU
		{6FC3463D-09B7-47E2-87AA-6BB6145583E3}.Release|Any CPU.Build.0 = Release|Any CPU
		{B3AEB853-E89A-4028-8EF7-AD9822CB9F76}.Debug|Any CPU.ActiveCfg = Debug|Any CPU
		{B3AEB853-E89A-4028-8EF7-AD9822CB9F76}.Debug|Any CPU.Build.0 = Debug|Any CPU
		{B3AEB853-E89A-4028-8EF7-AD9822CB9F76}.Release|Any CPU.ActiveCfg = Release|Any CPU
		{B3AEB853-E89A-4028-8EF7-AD9822CB9F76}.Release|Any CPU.Build.0 = Release|Any CPU
	EndGlobalSection
	GlobalSection(SolutionProperties) = preSolution
		HideSolutionNode = FALSE
	EndGlobalSection
	GlobalSection(NestedProjects) = preSolution
		{E0DF6DA8-8BB5-4DE4-B5E3-B9C2BB00B119} = {14D5F7E3-9B6E-4419-9752-2CED48920251}
		{F0229A6D-2502-438B-A195-908D810026F7} = {14D5F7E3-9B6E-4419-9752-2CED48920251}
		{4F22A0B5-2FA7-42D2-B317-16EBF34782BD} = {53E45F83-AEF0-4176-93F2-DE7C8822D920}
		{DF542DE5-A2B6-4230-9D60-1910A9214E9A} = {14D5F7E3-9B6E-4419-9752-2CED48920251}
		{677D8E03-964A-468E-ACE8-22F5E60C5D82} = {14D5F7E3-9B6E-4419-9752-2CED48920251}
		{1BD4D8BA-B4C7-4677-BE02-514F2D736767} = {87F0397C-5CFC-4AD4-8DB9-1AC7384E78A4}
		{CDC844F8-FC12-4C7C-9521-ABE19E979C25} = {87F0397C-5CFC-4AD4-8DB9-1AC7384E78A4}
		{857EE814-2AF3-44EC-9586-4E583FD4C104} = {87F0397C-5CFC-4AD4-8DB9-1AC7384E78A4}
		{4C1028B3-5DC5-4436-8CE1-6508D443DE14} = {87F0397C-5CFC-4AD4-8DB9-1AC7384E78A4}
		{F005E09B-384D-45BC-9CDB-7997595F42B9} = {87F0397C-5CFC-4AD4-8DB9-1AC7384E78A4}
		{F1AA506A-9BCF-4298-A66F-1C56ADB12845} = {87F0397C-5CFC-4AD4-8DB9-1AC7384E78A4}
		{F9542CD8-2763-4377-B56D-3005700607A1} = {C7DC80E5-AE24-412E-991E-B0D7ED242213}
		{D13BF659-FE54-440C-8E6F-74325CB834C1} = {C7DC80E5-AE24-412E-991E-B0D7ED242213}
		{93B98081-206C-4151-A5F0-643587F737EE} = {C7DC80E5-AE24-412E-991E-B0D7ED242213}
		{821F6494-2AFE-4F0C-8AB2-FE5070EE2650} = {C7DC80E5-AE24-412E-991E-B0D7ED242213}
		{629834BE-9004-43E0-88DC-EA89DAEEFA22} = {C7DC80E5-AE24-412E-991E-B0D7ED242213}
		{C7DC80E5-AE24-412E-991E-B0D7ED242213} = {87F0397C-5CFC-4AD4-8DB9-1AC7384E78A4}
		{A6ADC6CE-6D3D-409E-9ED3-CB0AC9CB8E8F} = {14D5F7E3-9B6E-4419-9752-2CED48920251}
		{21831149-E10E-48F7-B79D-B1E51E2831FC} = {53E45F83-AEF0-4176-93F2-DE7C8822D920}
		{6FC3463D-09B7-47E2-87AA-6BB6145583E3} = {C7DC80E5-AE24-412E-991E-B0D7ED242213}
	EndGlobalSection
	GlobalSection(ExtensibilityGlobals) = postSolution
		EnterpriseLibraryConfigurationToolBinariesPathV6 = packages\EnterpriseLibrary.TransientFaultHandling.6.0.1304.0\lib\portable-net45+win+wp8;packages\EnterpriseLibrary.TransientFaultHandling.Data.6.0.1304.1\lib\NET45
	EndGlobalSection
EndGlobal
